
Microsoft Visual Studio Solution File, Format Version 12.00
# Visual Studio 15
Project("{FAE04EC0-301F-11D3-BF4B-00C04F79EFBC}") = "Assembly-CSharp", "Assembly-CSharp.csproj", "{287FFD57-B176-9AD9-45F0-99CE8EC42EC7}"
EndProject
Project("{FAE04EC0-301F-11D3-BF4B-00C04F79EFBC}") = "Assembly-CSharp-Editor", "Assembly-CSharp-Editor.csproj", "{69C89662-6DC7-A7D8-2CA0-A0361128390A}"
EndProject
Global
	GlobalSection(SolutionConfigurationPlatforms) = preSolution
		Debug|Any CPU = Debug|Any CPU
		Release|Any CPU = Release|Any CPU
	EndGlobalSection
	GlobalSection(ProjectConfigurationPlatforms) = postSolution
		{287FFD57-B176-9AD9-45F0-99CE8EC42EC7}.Debug|Any CPU.ActiveCfg = Debug|Any CPU
		{287FFD57-B176-9AD9-45F0-99CE8EC42EC7}.Debug|Any CPU.Build.0 = Debug|Any CPU
		{287FFD57-B176-9AD9-45F0-99CE8EC42EC7}.Release|Any CPU.ActiveCfg = Release|Any CPU
		{287FFD57-B176-9AD9-45F0-99CE8EC42EC7}.Release|Any CPU.Build.0 = Release|Any CPU
		{69C89662-6DC7-A7D8-2CA0-A0361128390A}.Debug|Any CPU.ActiveCfg = Debug|Any CPU
		{69C89662-6DC7-A7D8-2CA0-A0361128390A}.Debug|Any CPU.Build.0 = Debug|Any CPU
		{69C89662-6DC7-A7D8-2CA0-A0361128390A}.Release|Any CPU.ActiveCfg = Release|Any CPU
		{69C89662-6DC7-A7D8-2CA0-A0361128390A}.Release|Any CPU.Build.0 = Release|Any CPU
	EndGlobalSection
	GlobalSection(SolutionProperties) = preSolution
		HideSolutionNode = FALSE
	EndGlobalSection
EndGlobal
